
Microsoft Visual Studio Solution File, Format Version 12.00
# Visual Studio Version 17
VisualStudioVersion = 17.3.32929.385
MinimumVisualStudioVersion = 10.0.40219.1
Project("{FAE04EC0-301F-11D3-BF4B-00C04F79EFBC}") = "Site_Baras_Andrei", "Site_Baras_Andrei.csproj", "{7B35B1E7-0E82-42A9-9E2D-5A849705B6FF}"
EndProject
Global
	GlobalSection(SolutionConfigurationPlatforms) = preSolution
		Debug|Any CPU = Debug|Any CPU
		Release|Any CPU = Release|Any CPU
	EndGlobalSection
	GlobalSection(ProjectConfigurationPlatforms) = postSolution
		{7B35B1E7-0E82-42A9-9E2D-5A849705B6FF}.Debug|Any CPU.ActiveCfg = Debug|Any CPU
		{7B35B1E7-0E82-42A9-9E2D-5A849705B6FF}.Debug|Any CPU.Build.0 = Debug|Any CPU
		{7B35B1E7-0E82-42A9-9E2D-5A849705B6FF}.Release|Any CPU.ActiveCfg = Release|Any CPU
		{7B35B1E7-0E82-42A9-9E2D-5A849705B6FF}.Release|Any CPU.Build.0 = Release|Any CPU
	EndGlobalSection
	GlobalSection(SolutionProperties) = preSolution
		HideSolutionNode = FALSE
	EndGlobalSection
	GlobalSection(ExtensibilityGlobals) = postSolution
		SolutionGuid = {ED1B2FA4-10F2-4061-A90E-E5754F9BE3AE}
	EndGlobalSection
EndGlobal
